
Microsoft Visual Studio Solution File, Format Version 12.00
# Visual Studio Version 17
VisualStudioVersion = 17.9.34728.123
MinimumVisualStudioVersion = 10.0.40219.1
Project("{FAE04EC0-301F-11D3-BF4B-00C04F79EFBC}") = "WinFormsApp_TCP", "WinFormsApp_TCP.csproj", "{57033F8B-7BF9-4801-A474-FC8E9E2FD002}"
EndProject
Project("{FAE04EC0-301F-11D3-BF4B-00C04F79EFBC}") = "WinFormsApp_client", "..\WinFormsApp_client\WinFormsApp_client.csproj", "{2C194602-22E9-4C0B-9714-7054E71D956F}"
EndProject
Global
	GlobalSection(SolutionConfigurationPlatforms) = preSolution
		Debug|Any CPU = Debug|Any CPU
		Release|Any CPU = Release|Any CPU
	EndGlobalSection
	GlobalSection(ProjectConfigurationPlatforms) = postSolution
		{57033F8B-7BF9-4801-A474-FC8E9E2FD002}.Debug|Any CPU.ActiveCfg = Debug|Any CPU
		{57033F8B-7BF9-4801-A474-FC8E9E2FD002}.Debug|Any CPU.Build.0 = Debug|Any CPU
		{57033F8B-7BF9-4801-A474-FC8E9E2FD002}.Release|Any CPU.ActiveCfg = Release|Any CPU
		{57033F8B-7BF9-4801-A474-FC8E9E2FD002}.Release|Any CPU.Build.0 = Release|Any CPU
		{2C194602-22E9-4C0B-9714-7054E71D956F}.Debug|Any CPU.ActiveCfg = Debug|Any CPU
		{2C194602-22E9-4C0B-9714-7054E71D956F}.Debug|Any CPU.Build.0 = Debug|Any CPU
		{2C194602-22E9-4C0B-9714-7054E71D956F}.Release|Any CPU.ActiveCfg = Release|Any CPU
		{2C194602-22E9-4C0B-9714-7054E71D956F}.Release|Any CPU.Build.0 = Release|Any CPU
	EndGlobalSection
	GlobalSection(SolutionProperties) = preSolution
		HideSolutionNode = FALSE
	EndGlobalSection
	GlobalSection(ExtensibilityGlobals) = postSolution
		SolutionGuid = {2696F6C7-D520-440E-910B-4A33B94E9D89}
	EndGlobalSection
EndGlobal
